{
  "name": "contract",
  "lockfileVersion": 3,
  "requires": true,
  "packages": {
    "": {
      "name": "contract",
      "dependencies": {
        "@anatine/zod-openapi": "^2.2.5",
        "@ts-rest/core": "3.45.2",
        "@ts-rest/open-api": "^3.45.2",
        "zod": "3.23.8"
      }
    },
    "node_modules/@anatine/zod-openapi": {
      "version": "2.2.5",
      "resolved": "https://registry.npmjs.org/@anatine/zod-openapi/-/zod-openapi-2.2.5.tgz",
      "integrity": "sha512-XxkMjGDmFUHtU8a/owM9dXQ38Ie0bSCMOZMzzrzmgS3M52oX93jzxf9at7NvVRKJAFMCUzIE+4ayZShu4ReMPw==",
      "dependencies": {
        "ts-deepmerge": "^6.0.3"
      },
      "peerDependencies": {
        "openapi3-ts": "^4.1.2",
        "zod": "^3.20.0"
      }
    },
    "node_modules/@ts-rest/core": {
      "version": "3.45.2",
      "resolved": "https://registry.npmjs.org/@ts-rest/core/-/core-3.45.2.tgz",
      "integrity": "sha512-Eiv+Sa23MbsAd1Gx9vNJ+IFCDyLZNdJ+UuGMKbFvb+/NmgcBR1VL1UIVtEkd5DJxpYMMd8SLvW91RgB2TS8iPw==",
      "peerDependencies": {
        "zod": "^3.22.3"
      },
      "peerDependenciesMeta": {
        "zod": {
          "optional": true
        }
      }
    },
    "node_modules/@ts-rest/open-api": {
      "version": "3.45.2",
      "resolved": "https://registry.npmjs.org/@ts-rest/open-api/-/open-api-3.45.2.tgz",
      "integrity": "sha512-TG5GvD0eyicMR3HjEAMTO2ulO7x/ADSn5bfLF/ZDdVXla48PiQdwhG4NsjVbsUDCghwx+6y5u2aTYjypzdiXQg==",
      "dependencies": {
        "@anatine/zod-openapi": "^1.12.0",
        "openapi3-ts": "^2.0.2"
      },
      "peerDependencies": {
        "zod": "^3.22.3"
      }
    },
    "node_modules/@ts-rest/open-api/node_modules/@anatine/zod-openapi": {
      "version": "1.14.2",
      "resolved": "https://registry.npmjs.org/@anatine/zod-openapi/-/zod-openapi-1.14.2.tgz",
      "integrity": "sha512-q0qHfnuNYVKu0Swrnnvfj9971AEyW7c8v9jCOZGCl5ZbyGMNG4RPyJkRcMi/JC8CRfdOe0IDfNm1nNsi2avprg==",
      "dependencies": {
        "ts-deepmerge": "^6.0.3"
      },
      "peerDependencies": {
        "openapi3-ts": "^2.0.0 || ^3.0.0",
        "zod": "^3.20.0"
      }
    },
    "node_modules/@ts-rest/open-api/node_modules/openapi3-ts": {
      "version": "2.0.2",
      "resolved": "https://registry.npmjs.org/openapi3-ts/-/openapi3-ts-2.0.2.tgz",
      "integrity": "sha512-TxhYBMoqx9frXyOgnRHufjQfPXomTIHYKhSKJ6jHfj13kS8OEIhvmE8CTuQyKtjjWttAjX5DPxM1vmalEpo8Qw==",
      "dependencies": {
        "yaml": "^1.10.2"
      }
    },
    "node_modules/@ts-rest/open-api/node_modules/yaml": {
      "version": "1.10.2",
      "resolved": "https://registry.npmjs.org/yaml/-/yaml-1.10.2.tgz",
      "integrity": "sha512-r3vXyErRCYJ7wg28yvBY5VSoAF8ZvlcW9/BwUzEtUsjvX/DKs24dIkuwjtuprwJJHsbyUbLApepYTR1BN4uHrg==",
      "engines": {
        "node": ">= 6"
      }
    },
    "node_modules/openapi3-ts": {
      "version": "4.3.2",
      "resolved": "https://registry.npmjs.org/openapi3-ts/-/openapi3-ts-4.3.2.tgz",
      "integrity": "sha512-IvKNb3hPHwfuyVJnseTsFvZ0DO2EODpitYMsLcmfVwJ2p41zAHh2VDConzLLEB5h5YFbne9vv1zZxCeUICYZ8A==",
      "peer": true,
      "dependencies": {
        "yaml": "^2.4.2"
      }
    },
    "node_modules/ts-deepmerge": {
      "version": "6.2.1",
      "resolved": "https://registry.npmjs.org/ts-deepmerge/-/ts-deepmerge-6.2.1.tgz",
      "integrity": "sha512-8CYSLazCyj0DJDpPIxOFzJG46r93uh6EynYjuey+bxcLltBeqZL7DMfaE5ZPzZNFlav7wx+2TDa/mBl8gkTYzw==",
      "engines": {
        "node": ">=14.13.1"
      }
    },
    "node_modules/yaml": {
      "version": "2.4.2",
      "resolved": "https://registry.npmjs.org/yaml/-/yaml-2.4.2.tgz",
      "integrity": "sha512-B3VqDZ+JAg1nZpaEmWtTXUlBneoGx6CPM9b0TENK6aoSu5t73dItudwdgmi6tHlIZZId4dZ9skcAQ2UbcyAeVA==",
      "peer": true,
      "bin": {
        "yaml": "bin.mjs"
      },
      "engines": {
        "node": ">= 14"
      }
    },
    "node_modules/zod": {
      "version": "3.23.8",
      "resolved": "https://registry.npmjs.org/zod/-/zod-3.23.8.tgz",
      "integrity": "sha512-XBx9AXhXktjUqnepgTiE5flcKIYWi/rme0Eaj+5Y0lftuGBq+jyRu/md4WnuxqgP1ubdpNCsYEYPxrzVHD8d6g==",
      "funding": {
        "url": "https://github.com/sponsors/colinhacks"
      }
    }
  }
}
